
Microsoft Visual Studio Solution File, Format Version 12.00
# Visual Studio Version 17
VisualStudioVersion = 17.8.34330.188
MinimumVisualStudioVersion = 10.0.40219.1
Project("{9A19103F-16F7-4668-BE54-9A1E7A4F7556}") = "URLShortener", "URLShortener.csproj", "{24370E5A-9422-4E2E-AB4D-A241799023FF}"
EndProject
Global
	GlobalSection(SolutionConfigurationPlatforms) = preSolution
		Debug|Any CPU = Debug|Any CPU
		Debug|x64 = Debug|x64
		Release|Any CPU = Release|Any CPU
		Release|x64 = Release|x64
	EndGlobalSection
	GlobalSection(ProjectConfigurationPlatforms) = postSolution
		{24370E5A-9422-4E2E-AB4D-A241799023FF}.Debug|Any CPU.ActiveCfg = Debug|Any CPU
		{24370E5A-9422-4E2E-AB4D-A241799023FF}.Debug|Any CPU.Build.0 = Debug|Any CPU
		{24370E5A-9422-4E2E-AB4D-A241799023FF}.Debug|x64.ActiveCfg = Debug|Any CPU
		{24370E5A-9422-4E2E-AB4D-A241799023FF}.Debug|x64.Build.0 = Debug|Any CPU
		{24370E5A-9422-4E2E-AB4D-A241799023FF}.Release|Any CPU.ActiveCfg = Release|Any CPU
		{24370E5A-9422-4E2E-AB4D-A241799023FF}.Release|Any CPU.Build.0 = Release|Any CPU
		{24370E5A-9422-4E2E-AB4D-A241799023FF}.Release|x64.ActiveCfg = Release|Any CPU
		{24370E5A-9422-4E2E-AB4D-A241799023FF}.Release|x64.Build.0 = Release|Any CPU
	EndGlobalSection
	GlobalSection(SolutionProperties) = preSolution
		HideSolutionNode = FALSE
	EndGlobalSection
	GlobalSection(ExtensibilityGlobals) = postSolution
		SolutionGuid = {3EA06869-CAD1-462E-A4F5-C07A92CBA33F}
	EndGlobalSection
EndGlobal
